Microsoft Visual Studio Solution File, Format Version 12.00
# Visual Studio Version 17
VisualStudioVersion = 17.5.2.0
MinimumVisualStudioVersion = 10.0.40219.1
Project("{FAE04EC0-301F-11D3-BF4B-00C04F79EFBC}") = "IsBasvuru.Domain", "IsBasvuru.Domain\IsBasvuru.Domain.csproj", "{687F6CCC-177A-B506-3BD0-3A9B4C097427}"
EndProject
Project("{FAE04EC0-301F-11D3-BF4B-00C04F79EFBC}") = "IsBasvuru.Infrastructure", "IsBasvuru.Infrastructure\IsBasvuru.Infrastructure.csproj", "{6736300C-9717-1C0B-01AA-AD7C75D0FAAD}"
EndProject
Project("{FAE04EC0-301F-11D3-BF4B-00C04F79EFBC}") = "IsBasvuru.Persistence", "IsBasvuru.Persistence\IsBasvuru.Persistence.csproj", "{CCFF8EC8-E785-F49F-D9BD-B440053B486D}"
EndProject
Project("{FAE04EC0-301F-11D3-BF4B-00C04F79EFBC}") = "IsBasvuru.WebAPI", "IsBasvuru.WebAPI\IsBasvuru.WebAPI.csproj", "{1A4E0CF4-D87A-A924-21F1-462F587DFD73}"
EndProject
Global
	GlobalSection(SolutionConfigurationPlatforms) = preSolution
		Debug|Any CPU = Debug|Any CPU
		Release|Any CPU = Release|Any CPU
	EndGlobalSection
	GlobalSection(ProjectConfigurationPlatforms) = postSolution
		{687F6CCC-177A-B506-3BD0-3A9B4C097427}.Debug|Any CPU.ActiveCfg = Debug|Any CPU
		{687F6CCC-177A-B506-3BD0-3A9B4C097427}.Debug|Any CPU.Build.0 = Debug|Any CPU
		{687F6CCC-177A-B506-3BD0-3A9B4C097427}.Release|Any CPU.ActiveCfg = Release|Any CPU
		{687F6CCC-177A-B506-3BD0-3A9B4C097427}.Release|Any CPU.Build.0 = Release|Any CPU
		{6736300C-9717-1C0B-01AA-AD7C75D0FAAD}.Debug|Any CPU.ActiveCfg = Debug|Any CPU
		{6736300C-9717-1C0B-01AA-AD7C75D0FAAD}.Debug|Any CPU.Build.0 = Debug|Any CPU
		{6736300C-9717-1C0B-01AA-AD7C75D0FAAD}.Release|Any CPU.ActiveCfg = Release|Any CPU
		{6736300C-9717-1C0B-01AA-AD7C75D0FAAD}.Release|Any CPU.Build.0 = Release|Any CPU
		{CCFF8EC8-E785-F49F-D9BD-B440053B486D}.Debug|Any CPU.ActiveCfg = Debug|Any CPU
		{CCFF8EC8-E785-F49F-D9BD-B440053B486D}.Debug|Any CPU.Build.0 = Debug|Any CPU
		{CCFF8EC8-E785-F49F-D9BD-B440053B486D}.Release|Any CPU.ActiveCfg = Release|Any CPU
		{CCFF8EC8-E785-F49F-D9BD-B440053B486D}.Release|Any CPU.Build.0 = Release|Any CPU
		{1A4E0CF4-D87A-A924-21F1-462F587DFD73}.Debug|Any CPU.ActiveCfg = Debug|Any CPU
		{1A4E0CF4-D87A-A924-21F1-462F587DFD73}.Debug|Any CPU.Build.0 = Debug|Any CPU
		{1A4E0CF4-D87A-A924-21F1-462F587DFD73}.Release|Any CPU.ActiveCfg = Release|Any CPU
		{1A4E0CF4-D87A-A924-21F1-462F587DFD73}.Release|Any CPU.Build.0 = Release|Any CPU
	EndGlobalSection
	GlobalSection(SolutionProperties) = preSolution
		HideSolutionNode = FALSE
	EndGlobalSection
	GlobalSection(ExtensibilityGlobals) = postSolution
		SolutionGuid = {2CBE4BB0-F10A-4DA4-83C5-68C58C94E7F5}
	EndGlobalSection
EndGlobal
